schema: '2.0'
stages:
  get_car_data:
    cmd: python get_car_data.py data/train_data.csv
    deps:
    - path: get_car_data.py
      md5: 9a091b38128153771fc0e1ec272e3ac2
      size: 1628
    outs:
    - path: data/train_data.csv
      md5: 720cc24db4bdc6f6661f912e32e43d4c
      size: 9939
  train:
    cmd: python train.py data/train_data.csv model_knn.pkl
    deps:
    - path: data/train_data.csv
      md5: 720cc24db4bdc6f6661f912e32e43d4c
      size: 9939
    - path: train.py
      md5: 3e085c05d5c5dc30179ff19cc741adb7
      size: 1125
    outs:
    - path: model_knn.pkl
      md5: 59de75def84061edadcc7f6d888067ca
      size: 20506
  sim_cars:
    cmd: python sim_cars.py model_knn.pkl data/train_data.csv
    deps:
    - path: data/train_data.csv
      md5: 720cc24db4bdc6f6661f912e32e43d4c
      size: 9939
    - path: model_knn.pkl
      md5: 59de75def84061edadcc7f6d888067ca
      size: 20506
    - path: sim_cars.py
      md5: 9e1d5c3e3432cccf0894882230529458
      size: 2180
